
Microsoft Visual Studio Solution File, Format Version 12.00
# Visual Studio Version 17
VisualStudioVersion = 17.4.33205.214
MinimumVisualStudioVersion = 10.0.40219.1
Project("{FAE04EC0-301F-11D3-BF4B-00C04F79EFBC}") = "tsViewer", "tsViewer.csproj", "{E8849035-F956-4394-9C77-D44D62A7ACE1}"
EndProject
Global
	GlobalSection(SolutionConfigurationPlatforms) = preSolution
		Debug|Any CPU = Debug|Any CPU
		Release|Any CPU = Release|Any CPU
	EndGlobalSection
	GlobalSection(ProjectConfigurationPlatforms) = postSolution
		{E8849035-F956-4394-9C77-D44D62A7ACE1}.Debug|Any CPU.ActiveCfg = Debug|Any CPU
		{E8849035-F956-4394-9C77-D44D62A7ACE1}.Debug|Any CPU.Build.0 = Debug|Any CPU
		{E8849035-F956-4394-9C77-D44D62A7ACE1}.Release|Any CPU.ActiveCfg = Release|Any CPU
		{E8849035-F956-4394-9C77-D44D62A7ACE1}.Release|Any CPU.Build.0 = Release|Any CPU
	EndGlobalSection
	GlobalSection(SolutionProperties) = preSolution
		HideSolutionNode = FALSE
	EndGlobalSection
	GlobalSection(ExtensibilityGlobals) = postSolution
		SolutionGuid = {233F50FD-60EB-4F26-80CC-9E8273A16EC6}
	EndGlobalSection
EndGlobal
